
Microsoft Visual Studio Solution File, Format Version 12.00
# Visual Studio 15
VisualStudioVersion = 15.0.27703.2047
MinimumVisualStudioVersion = 10.0.40219.1
Project("{FAE04EC0-301F-11D3-BF4B-00C04F79EFBC}") = "NumerosEnAumento", "NumerosEnAumento.csproj", "{3A661E90-0044-4D8C-9E97-CDAC9B131375}"
EndProject
Global
	GlobalSection(SolutionConfigurationPlatforms) = preSolution
		Debug|Any CPU = Debug|Any CPU
		Release|Any CPU = Release|Any CPU
	EndGlobalSection
	GlobalSection(ProjectConfigurationPlatforms) = postSolution
		{3A661E90-0044-4D8C-9E97-CDAC9B131375}.Debug|Any CPU.ActiveCfg = Debug|Any CPU
		{3A661E90-0044-4D8C-9E97-CDAC9B131375}.Debug|Any CPU.Build.0 = Debug|Any CPU
		{3A661E90-0044-4D8C-9E97-CDAC9B131375}.Release|Any CPU.ActiveCfg = Release|Any CPU
		{3A661E90-0044-4D8C-9E97-CDAC9B131375}.Release|Any CPU.Build.0 = Release|Any CPU
	EndGlobalSection
	GlobalSection(SolutionProperties) = preSolution
		HideSolutionNode = FALSE
	EndGlobalSection
	GlobalSection(ExtensibilityGlobals) = postSolution
		SolutionGuid = {9885F768-863F-46F0-A4DA-E73A2B8B77F1}
	EndGlobalSection
EndGlobal
